
Microsoft Visual Studio Solution File, Format Version 12.00
# Visual Studio Version 17
VisualStudioVersion = 17.9.34728.123
MinimumVisualStudioVersion = 10.0.40219.1
Project("{2150E333-8FDC-42A3-9474-1A3956D46DE8}") = "HTMLDownloader", "HTMLDownloader", "{7413E68C-D273-41ED-9947-553F2CB67DE7}"
EndProject
Project("{2150E333-8FDC-42A3-9474-1A3956D46DE8}") = "src", "src", "{92F3D9FF-B4DE-4304-9243-A96A5FFB89BA}"
EndProject
Project("{FAE04EC0-301F-11D3-BF4B-00C04F79EFBC}") = "Domain", "Domain\Domain.csproj", "{F32DFDD6-889F-4B97-A380-49706AAA0381}"
EndProject
Global
	GlobalSection(SolutionConfigurationPlatforms) = preSolution
		Debug|Any CPU = Debug|Any CPU
		Release|Any CPU = Release|Any CPU
	EndGlobalSection
	GlobalSection(ProjectConfigurationPlatforms) = postSolution
		{F32DFDD6-889F-4B97-A380-49706AAA0381}.Debug|Any CPU.ActiveCfg = Debug|Any CPU
		{F32DFDD6-889F-4B97-A380-49706AAA0381}.Debug|Any CPU.Build.0 = Debug|Any CPU
		{F32DFDD6-889F-4B97-A380-49706AAA0381}.Release|Any CPU.ActiveCfg = Release|Any CPU
		{F32DFDD6-889F-4B97-A380-49706AAA0381}.Release|Any CPU.Build.0 = Release|Any CPU
	EndGlobalSection
	GlobalSection(SolutionProperties) = preSolution
		HideSolutionNode = FALSE
	EndGlobalSection
	GlobalSection(NestedProjects) = preSolution
		{92F3D9FF-B4DE-4304-9243-A96A5FFB89BA} = {7413E68C-D273-41ED-9947-553F2CB67DE7}
		{F32DFDD6-889F-4B97-A380-49706AAA0381} = {92F3D9FF-B4DE-4304-9243-A96A5FFB89BA}
	EndGlobalSection
	GlobalSection(ExtensibilityGlobals) = postSolution
		SolutionGuid = {69352EEF-2D75-4C66-B4CA-2058DC41B135}
	EndGlobalSection
EndGlobal
