
Microsoft Visual Studio Solution File, Format Version 12.00
# Visual Studio Version 17
VisualStudioVersion = 17.9.34728.123
MinimumVisualStudioVersion = 10.0.40219.1
Project("{9A19103F-16F7-4668-BE54-9A1E7A4F7556}") = "Domain", "Domain\Domain.csproj", "{F32DFDD6-889F-4B97-A380-49706AAA0381}"
EndProject
Project("{9A19103F-16F7-4668-BE54-9A1E7A4F7556}") = "Infrastructure", "Infrastructure\Infrastructure.csproj", "{D87E46ED-5433-4877-AED5-E9AF4809FD3A}"
EndProject
Project("{FAE04EC0-301F-11D3-BF4B-00C04F79EFBC}") = "Application", "Application\Application.csproj", "{960513F1-7623-4858-8815-A648415D17D4}"
EndProject
Global
	GlobalSection(SolutionConfigurationPlatforms) = preSolution
		Debug|Any CPU = Debug|Any CPU
		Release|Any CPU = Release|Any CPU
	EndGlobalSection
	GlobalSection(ProjectConfigurationPlatforms) = postSolution
		{F32DFDD6-889F-4B97-A380-49706AAA0381}.Debug|Any CPU.ActiveCfg = Debug|Any CPU
		{F32DFDD6-889F-4B97-A380-49706AAA0381}.Debug|Any CPU.Build.0 = Debug|Any CPU
		{F32DFDD6-889F-4B97-A380-49706AAA0381}.Release|Any CPU.ActiveCfg = Release|Any CPU
		{F32DFDD6-889F-4B97-A380-49706AAA0381}.Release|Any CPU.Build.0 = Release|Any CPU
		{D87E46ED-5433-4877-AED5-E9AF4809FD3A}.Debug|Any CPU.ActiveCfg = Debug|Any CPU
		{D87E46ED-5433-4877-AED5-E9AF4809FD3A}.Debug|Any CPU.Build.0 = Debug|Any CPU
		{D87E46ED-5433-4877-AED5-E9AF4809FD3A}.Release|Any CPU.ActiveCfg = Release|Any CPU
		{D87E46ED-5433-4877-AED5-E9AF4809FD3A}.Release|Any CPU.Build.0 = Release|Any CPU
		{960513F1-7623-4858-8815-A648415D17D4}.Debug|Any CPU.ActiveCfg = Debug|Any CPU
		{960513F1-7623-4858-8815-A648415D17D4}.Debug|Any CPU.Build.0 = Debug|Any CPU
		{960513F1-7623-4858-8815-A648415D17D4}.Release|Any CPU.ActiveCfg = Release|Any CPU
		{960513F1-7623-4858-8815-A648415D17D4}.Release|Any CPU.Build.0 = Release|Any CPU
	EndGlobalSection
	GlobalSection(SolutionProperties) = preSolution
		HideSolutionNode = FALSE
	EndGlobalSection
	GlobalSection(ExtensibilityGlobals) = postSolution
		SolutionGuid = {69352EEF-2D75-4C66-B4CA-2058DC41B135}
	EndGlobalSection
EndGlobal
